
Microsoft Visual Studio Solution File, Format Version 12.00
# Visual Studio Version 16
VisualStudioVersion = 16.0.31321.278
MinimumVisualStudioVersion = 10.0.40219.1
Project("{FAE04EC0-301F-11D3-BF4B-00C04F79EFBC}") = "grpcConsumer", "grpcConsumer\grpcConsumer.csproj", "{52CD9798-21C0-49B9-A71F-40E9AFC9BADB}"
EndProject
Project("{FAE04EC0-301F-11D3-BF4B-00C04F79EFBC}") = "grpc.Web", "grpc.Web\grpc.Web.csproj", "{71F03618-91AC-4441-BFDD-3B59244F019D}"
EndProject
Global
	GlobalSection(SolutionConfigurationPlatforms) = preSolution
		Debug|Any CPU = Debug|Any CPU
		Release|Any CPU = Release|Any CPU
	EndGlobalSection
	GlobalSection(ProjectConfigurationPlatforms) = postSolution
		{52CD9798-21C0-49B9-A71F-40E9AFC9BADB}.Debug|Any CPU.ActiveCfg = Debug|Any CPU
		{52CD9798-21C0-49B9-A71F-40E9AFC9BADB}.Debug|Any CPU.Build.0 = Debug|Any CPU
		{52CD9798-21C0-49B9-A71F-40E9AFC9BADB}.Release|Any CPU.ActiveCfg = Release|Any CPU
		{52CD9798-21C0-49B9-A71F-40E9AFC9BADB}.Release|Any CPU.Build.0 = Release|Any CPU
		{71F03618-91AC-4441-BFDD-3B59244F019D}.Debug|Any CPU.ActiveCfg = Debug|Any CPU
		{71F03618-91AC-4441-BFDD-3B59244F019D}.Debug|Any CPU.Build.0 = Debug|Any CPU
		{71F03618-91AC-4441-BFDD-3B59244F019D}.Release|Any CPU.ActiveCfg = Release|Any CPU
		{71F03618-91AC-4441-BFDD-3B59244F019D}.Release|Any CPU.Build.0 = Release|Any CPU
	EndGlobalSection
	GlobalSection(SolutionProperties) = preSolution
		HideSolutionNode = FALSE
	EndGlobalSection
	GlobalSection(ExtensibilityGlobals) = postSolution
		SolutionGuid = {C0AF6D74-A3BE-42A6-A10E-4772A9182898}
	EndGlobalSection
EndGlobal
